// !$*UTF8*$!
{
	archiveVersion = 1;
	classes = {
	};
	objectVersion = 50;
	objects = {

/* Begin PBXBuildFile section */
		AAB6B0B5246BB9930004B1FB /* VideoController.swift in Sources */ = {isa = PBXBuildFile; fileRef = AAB6B0B4246BB9930004B1FB /* VideoController.swift */; };
		AAB6B0B7246BBC670004B1FB /* SheetModalPresentationController.swift in Sources */ = {isa = PBXBuildFile; fileRef = AAB6B0B6246BBC660004B1FB /* SheetModalPresentationController.swift */; };
		AAC719BA2447EE6000293335 /* AppDelegate.swift in Sources */ = {isa = PBXBuildFile; fileRef = AAC719B92447EE6000293335 /* AppDelegate.swift */; };
		AAC719BC2447EE6000293335 /* SceneDelegate.swift in Sources */ = {isa = PBXBuildFile; fileRef = AAC719BB2447EE6000293335 /* SceneDelegate.swift */; };
		AAC719C12447EE6000293335 /* Main.storyboard in Resources */ = {isa = PBXBuildFile; fileRef = AAC719BF2447EE6000293335 /* Main.storyboard */; };
		AAC719C32447EE6200293335 /* Assets.xcassets in Resources */ = {isa = PBXBuildFile; fileRef = AAC719C22447EE6200293335 /* Assets.xcassets */; };
		AAC719C62447EE6200293335 /* LaunchScreen.storyboard in Resources */ = {isa = PBXBuildFile; fileRef = AAC719C42447EE6200293335 /* LaunchScreen.storyboard */; };
		AACA1A0E244AF0EE00598A17 /* VideoVC.swift in Sources */ = {isa = PBXBuildFile; fileRef = AACA1A0D244AF0EE00598A17 /* VideoVC.swift */; };
		AACA1A10244AF42D00598A17 /* MainViewController.swift in Sources */ = {isa = PBXBuildFile; fileRef = AACA1A0F244AF42D00598A17 /* MainViewController.swift */; };
		AAEB414D244D843F009D6B32 /* PresentationController.swift in Sources */ = {isa = PBXBuildFile; fileRef = AAEB414C244D843F009D6B32 /* PresentationController.swift */; };
/* End PBXBuildFile section */

/* Begin PBXFileReference section */
		AAB6B0B4246BB9930004B1FB /* VideoController.swift */ = {isa = PBXFileReference; lastKnownFileType = sourcecode.swift; path = VideoController.swift; sourceTree = "<group>"; };
		AAB6B0B6246BBC660004B1FB /* SheetModalPresentationController.swift */ = {isa = PBXFileReference; fileEncoding = 4; lastKnownFileType = sourcecode.swift; path = SheetModalPresentationController.swift; sourceTree = "<group>"; };
		AAC719B62447EE6000293335 /* PresentationDismission.app */ = {isa = PBXFileReference; explicitFileType = wrapper.application; includeInIndex = 0; path = PresentationDismission.app; sourceTree = BUILT_PRODUCTS_DIR; };
		AAC719B92447EE6000293335 /* AppDelegate.swift */ = {isa = PBXFileReference; lastKnownFileType = sourcecode.swift; path = AppDelegate.swift; sourceTree = "<group>"; };
		AAC719BB2447EE6000293335 /* SceneDelegate.swift */ = {isa = PBXFileReference; lastKnownFileType = sourcecode.swift; path = SceneDelegate.swift; sourceTree = "<group>"; };
		AAC719C02447EE6000293335 /* Base */ = {isa = PBXFileReference; lastKnownFileType = file.storyboard; name = Base; path = Base.lproj/Main.storyboard; sourceTree = "<group>"; };
		AAC719C22447EE6200293335 /* Assets.xcassets */ = {isa = PBXFileReference; lastKnownFileType = folder.assetcatalog; path = Assets.xcassets; sourceTree = "<group>"; };
		AAC719C52447EE6200293335 /* Base */ = {isa = PBXFileReference; lastKnownFileType = file.storyboard; name = Base; path = Base.lproj/LaunchScreen.storyboard; sourceTree = "<group>"; };
		AAC719C72447EE6200293335 /* Info.plist */ = {isa = PBXFileReference; lastKnownFileType = text.plist.xml; path = Info.plist; sourceTree = "<group>"; };
		AACA1A0D244AF0EE00598A17 /* VideoVC.swift */ = {isa = PBXFileReference; lastKnownFileType = sourcecode.swift; path = VideoVC.swift; sourceTree = "<group>"; };
		AACA1A0F244AF42D00598A17 /* MainViewController.swift */ = {isa = PBXFileReference; lastKnownFileType = sourcecode.swift; path = MainViewController.swift; sourceTree = "<group>"; };
		AAEB414C244D843F009D6B32 /* PresentationController.swift */ = {isa = PBXFileReference; lastKnownFileType = sourcecode.swift; path = PresentationController.swift; sourceTree = "<group>"; };
/* End PBXFileReference section */

/* Begin PBXFrameworksBuildPhase section */
		AAC719B32447EE6000293335 /* Frameworks */ = {
			isa = PBXFrameworksBuildPhase;
			buildActionMask = 2147483647;
			files = (
			);
			runOnlyForDeploymentPostprocessing = 0;
		};
/* End PBXFrameworksBuildPhase section */

/* Begin PBXGroup section */
		AABE079C24496FBA001FE63F /* VCs */ = {
			isa = PBXGroup;
			children = (
				AACA1A0F244AF42D00598A17 /* MainViewController.swift */,
				AACA1A0D244AF0EE00598A17 /* VideoVC.swift */,
				AAEB414C244D843F009D6B32 /* PresentationController.swift */,
				AAB6B0B6246BBC660004B1FB /* SheetModalPresentationController.swift */,
				AAB6B0B4246BB9930004B1FB /* VideoController.swift */,
			);
			path = VCs;
			sourceTree = "<group>";
		};
		AABE079D24496FC3001FE63F /* Views */ = {
			isa = PBXGroup;
			children = (
				AAC719BF2447EE6000293335 /* Main.storyboard */,
			);
			path = Views;
			sourceTree = "<group>";
		};
		AAC719AD2447EE6000293335 = {
			isa = PBXGroup;
			children = (
				AAC719B82447EE6000293335 /* PresentationDismission */,
				AAC719B72447EE6000293335 /* Products */,
			);
			sourceTree = "<group>";
		};
		AAC719B72447EE6000293335 /* Products */ = {
			isa = PBXGroup;
			children = (
				AAC719B62447EE6000293335 /* PresentationDismission.app */,
			);
			name = Products;
			sourceTree = "<group>";
		};
		AAC719B82447EE6000293335 /* PresentationDismission */ = {
			isa = PBXGroup;
			children = (
				AAC719B92447EE6000293335 /* AppDelegate.swift */,
				AAC719BB2447EE6000293335 /* SceneDelegate.swift */,
				AABE079C24496FBA001FE63F /* VCs */,
				AABE079D24496FC3001FE63F /* Views */,
				AAC719C22447EE6200293335 /* Assets.xcassets */,
				AAC719C42447EE6200293335 /* LaunchScreen.storyboard */,
				AAC719C72447EE6200293335 /* Info.plist */,
			);
			path = PresentationDismission;
			sourceTree = "<group>";
		};
/* End PBXGroup section */

/* Begin PBXNativeTarget section */
		AAC719B52447EE6000293335 /* PresentationDismission */ = {
			isa = PBXNativeTarget;
			buildConfigurationList = AAC719CA2447EE6200293335 /* Build configuration list for PBXNativeTarget "PresentationDismission" */;
			buildPhases = (
				AAC719B22447EE6000293335 /* Sources */,
				AAC719B32447EE6000293335 /* Frameworks */,
				AAC719B42447EE6000293335 /* Resources */,
			);
			buildRules = (
			);
			dependencies = (
			);
			name = PresentationDismission;
			productName = PresentationDismission;
			productReference = AAC719B62447EE6000293335 /* PresentationDismission.app */;
			productType = "com.apple.product-type.application";
		};
/* End PBXNativeTarget section */

/* Begin PBXProject section */
		AAC719AE2447EE6000293335 /* Project object */ = {
			isa = PBXProject;
			attributes = {
				LastSwiftUpdateCheck = 1140;
				LastUpgradeCheck = 1140;
				ORGANIZATIONNAME = Eslam;
				TargetAttributes = {
					AAC719B52447EE6000293335 = {
						CreatedOnToolsVersion = 11.4;
					};
				};
			};
			buildConfigurationList = AAC719B12447EE6000293335 /* Build configuration list for PBXProject "PresentationDismission" */;
			compatibilityVersion = "Xcode 9.3";
			developmentRegion = en;
			hasScannedForEncodings = 0;
			knownRegions = (
				en,
				Base,
			);
			mainGroup = AAC719AD2447EE6000293335;
			productRefGroup = AAC719B72447EE6000293335 /* Products */;
			projectDirPath = "";
			projectRoot = "";
			targets = (
				AAC719B52447EE6000293335 /* PresentationDismission */,
			);
		};
/* End PBXProject section */

/* Begin PBXResourcesBuildPhase section */
		AAC719B42447EE6000293335 /* Resources */ = {
			isa = PBXResourcesBuildPhase;
			buildActionMask = 2147483647;
			files = (
				AAC719C62447EE6200293335 /* LaunchScreen.storyboard in Resources */,
				AAC719C32447EE6200293335 /* Assets.xcassets in Resources */,
				AAC719C12447EE6000293335 /* Main.storyboard in Resources */,
			);
			runOnlyForDeploymentPostprocessing = 0;
		};
/* End PBXResourcesBuildPhase section */

/* Begin PBXSourcesBuildPhase section */
		AAC719B22447EE6000293335 /* Sources */ = {
			isa = PBXSourcesBuildPhase;
			buildActionMask = 2147483647;
			files = (
				AACA1A0E244AF0EE00598A17 /* VideoVC.swift in Sources */,
				AAB6B0B5246BB9930004B1FB /* VideoController.swift in Sources */,
				AAC719BA2447EE6000293335 /* AppDelegate.swift in Sources */,
				AAC719BC2447EE6000293335 /* SceneDelegate.swift in Sources */,
				AAB6B0B7246BBC670004B1FB /* SheetModalPresentationController.swift in Sources */,
				AACA1A10244AF42D00598A17 /* MainViewController.swift in Sources */,
				AAEB414D244D843F009D6B32 /* PresentationController.swift in Sources */,
			);
			runOnlyForDeploymentPostprocessing = 0;
		};
/* End PBXSourcesBuildPhase section */

/* Begin PBXVariantGroup section */
		AAC719BF2447EE6000293335 /* Main.storyboard */ = {
			isa = PBXVariantGroup;
			children = (
				AAC719C02447EE6000293335 /* Base */,
			);
			name = Main.storyboard;
			sourceTree = "<group>";
		};
		AAC719C42447EE6200293335 /* LaunchScreen.storyboard */ = {
			isa = PBXVariantGroup;
			children = (
				AAC719C52447EE6200293335 /* Base */,
			);
			name = LaunchScreen.storyboard;
			sourceTree = "<group>";
		};
/* End PBXVariantGroup section */

/* Begin XCBuildConfiguration section */
		AAC719C82447EE6200293335 /* Debug */ = {
			isa = XCBuildConfiguration;
			buildSettings = {
				ALWAYS_SEARCH_USER_PATHS = NO;
				CLANG_ANALYZER_NONNULL = YES;
				CLANG_ANALYZER_NUMBER_OBJECT_CONVERSION = YES_AGGRESSIVE;
				CLANG_CXX_LANGUAGE_STANDARD = "gnu++14";
				CLANG_CXX_LIBRARY = "libc++";
				CLANG_ENABLE_MODULES = YES;
				CLANG_ENABLE_OBJC_ARC = YES;
				CLANG_ENABLE_OBJC_WEAK = YES;
				CLANG_WARN_BLOCK_CAPTURE_AUTORELEASING = YES;
				CLANG_WARN_BOOL_CONVERSION = YES;
				CLANG_WARN_COMMA = YES;
				CLANG_WARN_CONSTANT_CONVERSION = YES;
				CLANG_WARN_DEPRECATED_OBJC_IMPLEMENTATIONS = YES;
				CLANG_WARN_DIRECT_OBJC_ISA_USAGE = YES_ERROR;
				CLANG_WARN_DOCUMENTATION_COMMENTS = YES;
				CLANG_WARN_EMPTY_BODY = YES;
				CLANG_WARN_ENUM_CONVERSION = YES;
				CLANG_WARN_INFINITE_RECURSION = YES;
				CLANG_WARN_INT_CONVERSION = YES;
				CLANG_WARN_NON_LITERAL_NULL_CONVERSION = YES;
				CLANG_WARN_OBJC_IMPLICIT_RETAIN_SELF = YES;
				CLANG_WARN_OBJC_LITERAL_CONVERSION = YES;
				CLANG_WARN_OBJC_ROOT_CLASS = YES_ERROR;
				CLANG_WARN_RANGE_LOOP_ANALYSIS = YES;
				CLANG_WARN_STRICT_PROTOTYPES = YES;
				CLANG_WARN_SUSPICIOUS_MOVE = YES;
				CLANG_WARN_UNGUARDED_AVAILABILITY = YES_AGGRESSIVE;
				CLANG_WARN_UNREACHABLE_CODE = YES;
				CLANG_WARN__DUPLICATE_METHOD_MATCH = YES;
				COPY_PHASE_STRIP = NO;
				DEBUG_INFORMATION_FORMAT = dwarf;
				ENABLE_STRICT_OBJC_MSGSEND = YES;
				ENABLE_TESTABILITY = YES;
				GCC_C_LANGUAGE_STANDARD = gnu11;
				GCC_DYNAMIC_NO_PIC = NO;
				GCC_NO_COMMON_BLOCKS = YES;
				GCC_OPTIMIZATION_LEVEL = 0;
				GCC_PREPROCESSOR_DEFINITIONS = (
					"DEBUG=1",
					"$(inherited)",
				);
				GCC_WARN_64_TO_32_BIT_CONVERSION = YES;
				GCC_WARN_ABOUT_RETURN_TYPE = YES_ERROR;
				GCC_WARN_UNDECLARED_SELECTOR = YES;
				GCC_WARN_UNINITIALIZED_AUTOS = YES_AGGRESSIVE;
				GCC_WARN_UNUSED_FUNCTION = YES;
				GCC_WARN_UNUSED_VARIABLE = YES;
				IPHONEOS_DEPLOYMENT_TARGET = 13.3;
				MTL_ENABLE_DEBUG_INFO = INCLUDE_SOURCE;
				MTL_FAST_MATH = YES;
				ONLY_ACTIVE_ARCH = YES;
				SDKROOT = iphoneos;
				SWIFT_ACTIVE_COMPILATION_CONDITIONS = DEBUG;
				SWIFT_OPTIMIZATION_LEVEL = "-Onone";
			};
			name = Debug;
		};
		AAC719C92447EE6200293335 /* Release */ = {
			isa = XCBuildConfiguration;
			buildSettings = {
				ALWAYS_SEARCH_USER_PATHS = NO;
				CLANG_ANALYZER_NONNULL = YES;
				CLANG_ANALYZER_NUMBER_OBJECT_CONVERSION = YES_AGGRESSIVE;
				CLANG_CXX_LANGUAGE_STANDARD = "gnu++14";
				CLANG_CXX_LIBRARY = "libc++";
				CLANG_ENABLE_MODULES = YES;
				CLANG_ENABLE_OBJC_ARC = YES;
				CLANG_ENABLE_OBJC_WEAK = YES;
				CLANG_WARN_BLOCK_CAPTURE_AUTORELEASING = YES;
				CLANG_WARN_BOOL_CONVERSION = YES;
				CLANG_WARN_COMMA = YES;
				CLANG_WARN_CONSTANT_CONVERSION = YES;
				CLANG_WARN_DEPRECATED_OBJC_IMPLEMENTATIONS = YES;
				CLANG_WARN_DIRECT_OBJC_ISA_USAGE = YES_ERROR;
				CLANG_WARN_DOCUMENTATION_COMMENTS = YES;
				CLANG_WARN_EMPTY_BODY = YES;
				CLANG_WARN_ENUM_CONVERSION = YES;
				CLANG_WARN_INFINITE_RECURSION = YES;
				CLANG_WARN_INT_CONVERSION = YES;
				CLANG_WARN_NON_LITERAL_NULL_CONVERSION = YES;
				CLANG_WARN_OBJC_IMPLICIT_RETAIN_SELF = YES;
				CLANG_WARN_OBJC_LITERAL_CONVERSION = YES;
				CLANG_WARN_OBJC_ROOT_CLASS = YES_ERROR;
				CLANG_WARN_RANGE_LOOP_ANALYSIS = YES;
				CLANG_WARN_STRICT_PROTOTYPES = YES;
				CLANG_WARN_SUSPICIOUS_MOVE = YES;
				CLANG_WARN_UNGUARDED_AVAILABILITY = YES_AGGRESSIVE;
				CLANG_WARN_UNREACHABLE_CODE = YES;
				CLANG_WARN__DUPLICATE_METHOD_MATCH = YES;
				COPY_PHASE_STRIP = NO;
				DEBUG_INFORMATION_FORMAT = "dwarf-with-dsym";
				ENABLE_NS_ASSERTIONS = NO;
				ENABLE_STRICT_OBJC_MSGSEND = YES;
				GCC_C_LANGUAGE_STANDARD = gnu11;
				GCC_NO_COMMON_BLOCKS = YES;
				GCC_WARN_64_TO_32_BIT_CONVERSION = YES;
				GCC_WARN_ABOUT_RETURN_TYPE = YES_ERROR;
				GCC_WARN_UNDECLARED_SELECTOR = YES;
				GCC_WARN_UNINITIALIZED_AUTOS = YES_AGGRESSIVE;
				GCC_WARN_UNUSED_FUNCTION = YES;
				GCC_WARN_UNUSED_VARIABLE = YES;
				IPHONEOS_DEPLOYMENT_TARGET = 13.3;
				MTL_ENABLE_DEBUG_INFO = NO;
				MTL_FAST_MATH = YES;
				SDKROOT = iphoneos;
				SWIFT_COMPILATION_MODE = wholemodule;
				SWIFT_OPTIMIZATION_LEVEL = "-O";
				VALIDATE_PRODUCT = YES;
			};
			name = Release;
		};
		AAC719CB2447EE6200293335 /* Debug */ = {
			isa = XCBuildConfiguration;
			buildSettings = {
				ASSETCATALOG_COMPILER_APPICON_NAME = AppIcon;
				CODE_SIGN_STYLE = Automatic;
				DEVELOPMENT_TEAM = 874WHJ22Z3;
				INFOPLIST_FILE = PresentationDismission/Info.plist;
				LD_RUNPATH_SEARCH_PATHS = (
					"$(inherited)",
					"@executable_path/Frameworks",
				);
				PRODUCT_BUNDLE_IDENTIFIER = lomaboc.com.PresentationDismission;
				PRODUCT_NAME = "$(TARGET_NAME)";
				SWIFT_VERSION = 5.0;
				TARGETED_DEVICE_FAMILY = "1,2";
			};
			name = Debug;
		};
		AAC719CC2447EE6200293335 /* Release */ = {
			isa = XCBuildConfiguration;
			buildSettings = {
				ASSETCATALOG_COMPILER_APPICON_NAME = AppIcon;
				CODE_SIGN_STYLE = Automatic;
				DEVELOPMENT_TEAM = 874WHJ22Z3;
				INFOPLIST_FILE = PresentationDismission/Info.plist;
				LD_RUNPATH_SEARCH_PATHS = (
					"$(inherited)",
					"@executable_path/Frameworks",
				);
				PRODUCT_BUNDLE_IDENTIFIER = lomaboc.com.PresentationDismission;
				PRODUCT_NAME = "$(TARGET_NAME)";
				SWIFT_VERSION = 5.0;
				TARGETED_DEVICE_FAMILY = "1,2";
			};
			name = Release;
		};
/* End XCBuildConfiguration section */

/* Begin XCConfigurationList section */
		AAC719B12447EE6000293335 /* Build configuration list for PBXProject "PresentationDismission" */ = {
			isa = XCConfigurationList;
			buildConfigurations = (
				AAC719C82447EE6200293335 /* Debug */,
				AAC719C92447EE6200293335 /* Release */,
			);
			defaultConfigurationIsVisible = 0;
			defaultConfigurationName = Release;
		};
		AAC719CA2447EE6200293335 /* Build configuration list for PBXNativeTarget "PresentationDismission" */ = {
			isa = XCConfigurationList;
			buildConfigurations = (
				AAC719CB2447EE6200293335 /* Debug */,
				AAC719CC2447EE6200293335 /* Release */,
			);
			defaultConfigurationIsVisible = 0;
			defaultConfigurationName = Release;
		};
/* End XCConfigurationList section */
	};
	rootObject = AAC719AE2447EE6000293335 /* Project object */;
}
